PODS:
  - SwiftLint (0.38.1)
  - Template (0.0.1):
    - Template/Core (= 0.0.1)
  - Template/Core (0.0.1)

DEPENDENCIES:
  - SwiftLint
  - Template (from `./`)

SPEC REPOS:
  trunk:
    - SwiftLint

EXTERNAL SOURCES:
  Template:
    :path: "./"

SPEC CHECKSUMS:
  SwiftLint: 0aeb99ca7ccfc222ef93e2560a35e669f5465e6c
  Template: 6d4d7d0f683059cb4161ca63cada7217038523f1

PODFILE CHECKSUM: 42868da1e41dbf2e68101f78444fdc54a42f2290

COCOAPODS: 1.8.4
